
Microsoft Visual Studio Solution File, Format Version 12.00
# Visual Studio Version 17
VisualStudioVersion = 17.14.36811.4 d17.14
MinimumVisualStudioVersion = 10.0.40219.1
Project("{FAE04EC0-301F-11D3-BF4B-00C04F79EFBC}") = "CalculatorTDD", "CalculatorTDD\CalculatorTDD.csproj", "{AA15C178-C3D9-4536-9AE7-64A531F11461}"
EndProject
Project("{FAE04EC0-301F-11D3-BF4B-00C04F79EFBC}") = "Domain", "Domain\Domain.csproj", "{09786A9C-A451-423D-967B-3C7F9B62C0D6}"
EndProject
Project("{FAE04EC0-301F-11D3-BF4B-00C04F79EFBC}") = "Web", "Web\Web.csproj", "{DE2C17E8-B120-46DF-9330-1A431F356794}"
EndProject
Global
	GlobalSection(SolutionConfigurationPlatforms) = preSolution
		Debug|Any CPU = Debug|Any CPU
		Release|Any CPU = Release|Any CPU
	EndGlobalSection
	GlobalSection(ProjectConfigurationPlatforms) = postSolution
		{AA15C178-C3D9-4536-9AE7-64A531F11461}.Debug|Any CPU.ActiveCfg = Debug|Any CPU
		{AA15C178-C3D9-4536-9AE7-64A531F11461}.Debug|Any CPU.Build.0 = Debug|Any CPU
		{AA15C178-C3D9-4536-9AE7-64A531F11461}.Release|Any CPU.ActiveCfg = Release|Any CPU
		{AA15C178-C3D9-4536-9AE7-64A531F11461}.Release|Any CPU.Build.0 = Release|Any CPU
		{09786A9C-A451-423D-967B-3C7F9B62C0D6}.Debug|Any CPU.ActiveCfg = Debug|Any CPU
		{09786A9C-A451-423D-967B-3C7F9B62C0D6}.Debug|Any CPU.Build.0 = Debug|Any CPU
		{09786A9C-A451-423D-967B-3C7F9B62C0D6}.Release|Any CPU.ActiveCfg = Release|Any CPU
		{09786A9C-A451-423D-967B-3C7F9B62C0D6}.Release|Any CPU.Build.0 = Release|Any CPU
		{DE2C17E8-B120-46DF-9330-1A431F356794}.Debug|Any CPU.ActiveCfg = Debug|Any CPU
		{DE2C17E8-B120-46DF-9330-1A431F356794}.Debug|Any CPU.Build.0 = Debug|Any CPU
		{DE2C17E8-B120-46DF-9330-1A431F356794}.Release|Any CPU.ActiveCfg = Release|Any CPU
		{DE2C17E8-B120-46DF-9330-1A431F356794}.Release|Any CPU.Build.0 = Release|Any CPU
	EndGlobalSection
	GlobalSection(SolutionProperties) = preSolution
		HideSolutionNode = FALSE
	EndGlobalSection
	GlobalSection(ExtensibilityGlobals) = postSolution
		SolutionGuid = {D7E5E5F3-5602-413F-B504-D88C84432157}
	EndGlobalSection
EndGlobal
